Microsoft Visual Studio Solution File, Format Version 12.00
# Visual Studio Version 17
VisualStudioVersion = 17.0.31903.59
MinimumVisualStudioVersion = 10.0.40219.1
Project("{FAE04EC0-301F-11D3-BF4B-00C04F79EFBC}") = "R2CSharp.Lib", "src\R2CSharp.Lib\R2CSharp.Lib.csproj", "{A7A22697-43E2-4F09-A654-3630F079CC86}"
EndProject
Project("{FAE04EC0-301F-11D3-BF4B-00C04F79EFBC}") = "R2CSharp.App", "src\R2CSharp.App\R2CSharp.App.csproj", "{BC8D0598-B2A6-493F-B1D7-8678156709B7}"
EndProject
Global
	GlobalSection(SolutionConfigurationPlatforms) = preSolution
		Debug|Any CPU = Debug|Any CPU
		Release|Any CPU = Release|Any CPU
		ColorTest|Any CPU = ColorTest|Any CPU
	EndGlobalSection
	GlobalSection(ProjectConfigurationPlatforms) = postSolution
		{A7A22697-43E2-4F09-A654-3630F079CC86}.Debug|Any CPU.ActiveCfg = Debug|Any CPU
		{A7A22697-43E2-4F09-A654-3630F079CC86}.Debug|Any CPU.Build.0 = Debug|Any CPU
		{A7A22697-43E2-4F09-A654-3630F079CC86}.Release|Any CPU.ActiveCfg = Release|Any CPU
		{A7A22697-43E2-4F09-A654-3630F079CC86}.Release|Any CPU.Build.0 = Release|Any CPU
		{A7A22697-43E2-4F09-A654-3630F079CC86}.ColorTest|Any CPU.ActiveCfg = ColorTest|Any CPU
		{A7A22697-43E2-4F09-A654-3630F079CC86}.ColorTest|Any CPU.Build.0 = ColorTest|Any CPU
		{BC8D0598-B2A6-493F-B1D7-8678156709B7}.Debug|Any CPU.ActiveCfg = Debug|Any CPU
		{BC8D0598-B2A6-493F-B1D7-8678156709B7}.Debug|Any CPU.Build.0 = Debug|Any CPU
		{BC8D0598-B2A6-493F-B1D7-8678156709B7}.Release|Any CPU.ActiveCfg = Release|Any CPU
		{BC8D0598-B2A6-493F-B1D7-8678156709B7}.Release|Any CPU.Build.0 = Release|Any CPU
		{BC8D0598-B2A6-493F-B1D7-8678156709B7}.ColorTest|Any CPU.ActiveCfg = ColorTest|Any CPU
		{BC8D0598-B2A6-493F-B1D7-8678156709B7}.ColorTest|Any CPU.Build.0 = ColorTest|Any CPU
	EndGlobalSection
	GlobalSection(SolutionProperties) = preSolution
		HideSolutionNode = FALSE
	EndGlobalSection
	GlobalSection(ExtensibilityGlobals) = postSolution
		SolutionGuid = {AE8538D8-CC8E-4CC7-BBF9-F629CF4735AF}
	EndGlobalSection
EndGlobal 